
Microsoft Visual Studio Solution File, Format Version 12.00
# Visual Studio Version 16
VisualStudioVersion = 16.0.30804.86
MinimumVisualStudioVersion = 10.0.40219.1
Project("{FAE04EC0-301F-11D3-BF4B-00C04F79EFBC}") = "Rubik's Cube Solver", "Rubik's Cube Solver\Rubik's Cube Solver.csproj", "{20BA9043-4D2B-4A19-81E0-3DF4C404AFEA}"
EndProject
Global
	GlobalSection(SolutionConfigurationPlatforms) = preSolution
		Debug|Any CPU = Debug|Any CPU
		Release|Any CPU = Release|Any CPU
	EndGlobalSection
	GlobalSection(ProjectConfigurationPlatforms) = postSolution
		{20BA9043-4D2B-4A19-81E0-3DF4C404AFEA}.Debug|Any CPU.ActiveCfg = Debug|Any CPU
		{20BA9043-4D2B-4A19-81E0-3DF4C404AFEA}.Debug|Any CPU.Build.0 = Debug|Any CPU
		{20BA9043-4D2B-4A19-81E0-3DF4C404AFEA}.Release|Any CPU.ActiveCfg = Release|Any CPU
		{20BA9043-4D2B-4A19-81E0-3DF4C404AFEA}.Release|Any CPU.Build.0 = Release|Any CPU
	EndGlobalSection
	GlobalSection(SolutionProperties) = preSolution
		HideSolutionNode = FALSE
	EndGlobalSection
	GlobalSection(ExtensibilityGlobals) = postSolution
		SolutionGuid = {6FCFB6B7-4220-47A4-A93A-4A5C8C7D6BD0}
	EndGlobalSection
EndGlobal
