
Microsoft Visual Studio Solution File, Format Version 12.00
# Visual Studio Version 17
VisualStudioVersion = 17.2.32616.157
MinimumVisualStudioVersion = 10.0.40219.1
Project("{FAE04EC0-301F-11D3-BF4B-00C04F79EFBC}") = "Rubik'sCubeSolverV3", "Rubik'sCubeSolverV3\Rubik'sCubeSolverV3.csproj", "{F158E089-9722-4434-8448-F46D9728A914}"
EndProject
Global
	GlobalSection(SolutionConfigurationPlatforms) = preSolution
		Debug|Any CPU = Debug|Any CPU
		Release|Any CPU = Release|Any CPU
	EndGlobalSection
	GlobalSection(ProjectConfigurationPlatforms) = postSolution
		{F158E089-9722-4434-8448-F46D9728A914}.Debug|Any CPU.ActiveCfg = Debug|Any CPU
		{F158E089-9722-4434-8448-F46D9728A914}.Debug|Any CPU.Build.0 = Debug|Any CPU
		{F158E089-9722-4434-8448-F46D9728A914}.Release|Any CPU.ActiveCfg = Release|Any CPU
		{F158E089-9722-4434-8448-F46D9728A914}.Release|Any CPU.Build.0 = Release|Any CPU
	EndGlobalSection
	GlobalSection(SolutionProperties) = preSolution
		HideSolutionNode = FALSE
	EndGlobalSection
	GlobalSection(ExtensibilityGlobals) = postSolution
		SolutionGuid = {E9FCDEE0-735F-47F4-A0B5-5F036A20EDAC}
	EndGlobalSection
EndGlobal
