
Microsoft Visual Studio Solution File, Format Version 12.00
# Visual Studio Version 16
VisualStudioVersion = 16.0.32602.291
MinimumVisualStudioVersion = 10.0.40219.1
Project("{FAE04EC0-301F-11D3-BF4B-00C04F79EFBC}") = "Rubik'sCubeV31LLLIndex", "Rubik'sCubeV31LLLIndex\Rubik'sCubeV31LLLIndex.csproj", "{26579747-21C6-4FED-8D0F-EA0499B111E5}"
EndProject
Global
	GlobalSection(SolutionConfigurationPlatforms) = preSolution
		Debug|Any CPU = Debug|Any CPU
		Release|Any CPU = Release|Any CPU
	EndGlobalSection
	GlobalSection(ProjectConfigurationPlatforms) = postSolution
		{26579747-21C6-4FED-8D0F-EA0499B111E5}.Debug|Any CPU.ActiveCfg = Debug|Any CPU
		{26579747-21C6-4FED-8D0F-EA0499B111E5}.Debug|Any CPU.Build.0 = Debug|Any CPU
		{26579747-21C6-4FED-8D0F-EA0499B111E5}.Release|Any CPU.ActiveCfg = Release|Any CPU
		{26579747-21C6-4FED-8D0F-EA0499B111E5}.Release|Any CPU.Build.0 = Release|Any CPU
	EndGlobalSection
	GlobalSection(SolutionProperties) = preSolution
		HideSolutionNode = FALSE
	EndGlobalSection
	GlobalSection(ExtensibilityGlobals) = postSolution
		SolutionGuid = {CB21A960-FDD6-4024-9F04-C0BEACDB41C0}
	EndGlobalSection
EndGlobal
